{
  "name": "hab-dynamic-loading",
  "version": "1.0.0",
  "lockfileVersion": 1,
  "requires": true,
  "dependencies": {
    "koffi": {
      "version": "2.5.10",
      "resolved": "https://registry.npmjs.org/koffi/-/koffi-2.5.10.tgz",
      "integrity": "sha512-D0BMkflpFQ8JpoKZNs9P/JDP88o2HtSsxDcq2GxJdCtQG1RzTsXj50PgjgQlQAUyW4YndcCjeFNMxRKLhLP/7Q=="
    }
  }
}
